
Microsoft Visual Studio Solution File, Format Version 12.00
# Visual Studio Version 16
VisualStudioVersion = 16.0.30503.244
MinimumVisualStudioVersion = 10.0.40219.1
Project("{9A19103F-16F7-4668-BE54-9A1E7A4F7556}") = "GhostPublishCLI", "GhostPublishCLI\GhostPublishCLI.csproj", "{94A253CD-4DF0-4BEE-ADD9-04F9FC062295}"
EndProject
Project("{FAE04EC0-301F-11D3-BF4B-00C04F79EFBC}") = "GhostPublishCLITests", "GhostPublishCLITests\GhostPublishCLITests.csproj", "{5ADECABC-6675-4DA0-93B3-10166C6CD5E6}"
EndProject
Global
	GlobalSection(SolutionConfigurationPlatforms) = preSolution
		Debug|Any CPU = Debug|Any CPU
		Release|Any CPU = Release|Any CPU
	EndGlobalSection
	GlobalSection(ProjectConfigurationPlatforms) = postSolution
		{94A253CD-4DF0-4BEE-ADD9-04F9FC062295}.Debug|Any CPU.ActiveCfg = Debug|Any CPU
		{94A253CD-4DF0-4BEE-ADD9-04F9FC062295}.Debug|Any CPU.Build.0 = Debug|Any CPU
		{94A253CD-4DF0-4BEE-ADD9-04F9FC062295}.Release|Any CPU.ActiveCfg = Release|Any CPU
		{94A253CD-4DF0-4BEE-ADD9-04F9FC062295}.Release|Any CPU.Build.0 = Release|Any CPU
		{5ADECABC-6675-4DA0-93B3-10166C6CD5E6}.Debug|Any CPU.ActiveCfg = Debug|Any CPU
		{5ADECABC-6675-4DA0-93B3-10166C6CD5E6}.Debug|Any CPU.Build.0 = Debug|Any CPU
		{5ADECABC-6675-4DA0-93B3-10166C6CD5E6}.Release|Any CPU.ActiveCfg = Release|Any CPU
		{5ADECABC-6675-4DA0-93B3-10166C6CD5E6}.Release|Any CPU.Build.0 = Release|Any CPU
	EndGlobalSection
	GlobalSection(SolutionProperties) = preSolution
		HideSolutionNode = FALSE
	EndGlobalSection
	GlobalSection(ExtensibilityGlobals) = postSolution
		SolutionGuid = {4B56B1F8-4D1D-4E39-A85B-3B970AA50D4B}
	EndGlobalSection
EndGlobal
